
Microsoft Visual Studio Solution File, Format Version 12.00
# Visual Studio 15
VisualStudioVersion = 15.0.27428.2005
MinimumVisualStudioVersion = 10.0.40219.1
Project("{9A19103F-16F7-4668-BE54-9A1E7A4F7556}") = "Mapper", "Mapper\Mapper.csproj", "{E238C50B-413B-4650-84A1-8E5CD3F6B876}"
EndProject
Project("{FAE04EC0-301F-11D3-BF4B-00C04F79EFBC}") = "ClassLibrary1", "ClassLibrary1\ClassLibrary1.csproj", "{2B0395DE-1B6A-4241-B520-00C0BC93E4FA}"
EndProject
Global
	GlobalSection(SolutionConfigurationPlatforms) = preSolution
		Debug|Any CPU = Debug|Any CPU
		Release|Any CPU = Release|Any CPU
	EndGlobalSection
	GlobalSection(ProjectConfigurationPlatforms) = postSolution
		{E238C50B-413B-4650-84A1-8E5CD3F6B876}.Debug|Any CPU.ActiveCfg = Debug|Any CPU
		{E238C50B-413B-4650-84A1-8E5CD3F6B876}.Debug|Any CPU.Build.0 = Debug|Any CPU
		{E238C50B-413B-4650-84A1-8E5CD3F6B876}.Release|Any CPU.ActiveCfg = Release|Any CPU
		{E238C50B-413B-4650-84A1-8E5CD3F6B876}.Release|Any CPU.Build.0 = Release|Any CPU
		{2B0395DE-1B6A-4241-B520-00C0BC93E4FA}.Debug|Any CPU.ActiveCfg = Debug|Any CPU
		{2B0395DE-1B6A-4241-B520-00C0BC93E4FA}.Debug|Any CPU.Build.0 = Debug|Any CPU
		{2B0395DE-1B6A-4241-B520-00C0BC93E4FA}.Release|Any CPU.ActiveCfg = Release|Any CPU
		{2B0395DE-1B6A-4241-B520-00C0BC93E4FA}.Release|Any CPU.Build.0 = Release|Any CPU
	EndGlobalSection
	GlobalSection(SolutionProperties) = preSolution
		HideSolutionNode = FALSE
	EndGlobalSection
	GlobalSection(ExtensibilityGlobals) = postSolution
		SolutionGuid = {1958FCED-2948-49C6-A6E1-AA3204F0F31A}
	EndGlobalSection
EndGlobal
